
Microsoft Visual Studio Solution File, Format Version 12.00
# Visual Studio Version 16
VisualStudioVersion = 16.0.30225.117
MinimumVisualStudioVersion = 10.0.40219.1
Project("{9A19103F-16F7-4668-BE54-9A1E7A4F7556}") = "Poker", "Poker\Poker.csproj", "{8F3060C3-8FA9-42B7-809B-37BFDCC33A4D}"
EndProject
Global
	GlobalSection(SolutionConfigurationPlatforms) = preSolution
		Debug|Any CPU = Debug|Any CPU
		Release|Any CPU = Release|Any CPU
	EndGlobalSection
	GlobalSection(ProjectConfigurationPlatforms) = postSolution
		{8F3060C3-8FA9-42B7-809B-37BFDCC33A4D}.Debug|Any CPU.ActiveCfg = Debug|Any CPU
		{8F3060C3-8FA9-42B7-809B-37BFDCC33A4D}.Debug|Any CPU.Build.0 = Debug|Any CPU
		{8F3060C3-8FA9-42B7-809B-37BFDCC33A4D}.Release|Any CPU.ActiveCfg = Release|Any CPU
		{8F3060C3-8FA9-42B7-809B-37BFDCC33A4D}.Release|Any CPU.Build.0 = Release|Any CPU
	EndGlobalSection
	GlobalSection(SolutionProperties) = preSolution
		HideSolutionNode = FALSE
	EndGlobalSection
	GlobalSection(ExtensibilityGlobals) = postSolution
		SolutionGuid = {55A38C9B-79DA-4FBC-A884-3AB48D3E3F6B}
	EndGlobalSection
EndGlobal
